
Microsoft Visual Studio Solution File, Format Version 12.00
# Visual Studio Version 17
VisualStudioVersion = 17.3.32811.315
MinimumVisualStudioVersion = 10.0.40219.1
Project("{FAE04EC0-301F-11D3-BF4B-00C04F79EFBC}") = "CTeleportAssignment.WebAPI", "src\CTeleportAssignment.WebAPI\CTeleportAssignment.WebAPI.csproj", "{6403B8DC-AADC-4266-BE7C-EBC493CD77B7}"
EndProject
Project("{FAE04EC0-301F-11D3-BF4B-00C04F79EFBC}") = "CTeleportAssignment.Services", "src\CTeleportAssignment.Services\CTeleportAssignment.Services.csproj", "{ADD7CBB6-5DDF-4315-AFFC-D57FE32481B8}"
EndProject
Project("{FAE04EC0-301F-11D3-BF4B-00C04F79EFBC}") = "CTeleportAssignment.Providers", "src\CTeleportAssignment.Providers\CTeleportAssignment.Providers.csproj", "{2DD6D4C8-500A-4800-80BC-B34A1F8FA6F2}"
EndProject
Project("{2150E333-8FDC-42A3-9474-1A3956D46DE8}") = "Tests", "Tests", "{ABC452BC-BF9F-4439-AB3C-C03932D5FE6C}"
EndProject
Project("{2150E333-8FDC-42A3-9474-1A3956D46DE8}") = "src", "src", "{071F47CE-D115-4892-BBAF-8CA62799455A}"
EndProject
Project("{FAE04EC0-301F-11D3-BF4B-00C04F79EFBC}") = "CTeleportAssigment.Domain", "src\CTeleportAssigment.Domain\CTeleportAssigment.Domain.csproj", "{3A089C15-608A-46C4-9A8E-05DC04B57B7B}"
EndProject
Project("{2150E333-8FDC-42A3-9474-1A3956D46DE8}") = "core", "core", "{C829934E-B0FB-443E-A67D-FC6D7D66B803}"
EndProject
Project("{2150E333-8FDC-42A3-9474-1A3956D46DE8}") = "Infrastructure", "Infrastructure", "{B1B080C3-4161-47CC-B83B-02F98B2DCDCC}"
EndProject
Project("{FAE04EC0-301F-11D3-BF4B-00C04F79EFBC}") = "CTeleportAssigment.Providers.Tests.Unit", "tests\CTeleportAssigment.Providers.Tests.Unit\CTeleportAssigment.Providers.Tests.Unit.csproj", "{184B1B47-9EDD-40F6-9D63-1385B1C4407B}"
EndProject
Project("{FAE04EC0-301F-11D3-BF4B-00C04F79EFBC}") = "CTeleportAssigment.Services.Tests.Unit", "tests\CTeleportAssigment.Services.Tests.Unit\CTeleportAssigment.Services.Tests.Unit.csproj", "{9B186776-E42F-44D9-A63E-E4F6B820FFAB}"
EndProject
Project("{FAE04EC0-301F-11D3-BF4B-00C04F79EFBC}") = "CTeleportAssignment.Tests.Data", "tests\CTeleportAssignment.Tests.Data\CTeleportAssignment.Tests.Data.csproj", "{1CF05F36-19C1-4121-9942-C36AD5C58088}"
EndProject
Global
	GlobalSection(SolutionConfigurationPlatforms) = preSolution
		Debug|Any CPU = Debug|Any CPU
		Release|Any CPU = Release|Any CPU
	EndGlobalSection
	GlobalSection(ProjectConfigurationPlatforms) = postSolution
		{6403B8DC-AADC-4266-BE7C-EBC493CD77B7}.Debug|Any CPU.ActiveCfg = Debug|Any CPU
		{6403B8DC-AADC-4266-BE7C-EBC493CD77B7}.Debug|Any CPU.Build.0 = Debug|Any CPU
		{6403B8DC-AADC-4266-BE7C-EBC493CD77B7}.Release|Any CPU.ActiveCfg = Release|Any CPU
		{6403B8DC-AADC-4266-BE7C-EBC493CD77B7}.Release|Any CPU.Build.0 = Release|Any CPU
		{ADD7CBB6-5DDF-4315-AFFC-D57FE32481B8}.Debug|Any CPU.ActiveCfg = Debug|Any CPU
		{ADD7CBB6-5DDF-4315-AFFC-D57FE32481B8}.Debug|Any CPU.Build.0 = Debug|Any CPU
		{ADD7CBB6-5DDF-4315-AFFC-D57FE32481B8}.Release|Any CPU.ActiveCfg = Release|Any CPU
		{ADD7CBB6-5DDF-4315-AFFC-D57FE32481B8}.Release|Any CPU.Build.0 = Release|Any CPU
		{2DD6D4C8-500A-4800-80BC-B34A1F8FA6F2}.Debug|Any CPU.ActiveCfg = Debug|Any CPU
		{2DD6D4C8-500A-4800-80BC-B34A1F8FA6F2}.Debug|Any CPU.Build.0 = Debug|Any CPU
		{2DD6D4C8-500A-4800-80BC-B34A1F8FA6F2}.Release|Any CPU.ActiveCfg = Release|Any CPU
		{2DD6D4C8-500A-4800-80BC-B34A1F8FA6F2}.Release|Any CPU.Build.0 = Release|Any CPU
		{3A089C15-608A-46C4-9A8E-05DC04B57B7B}.Debug|Any CPU.ActiveCfg = Debug|Any CPU
		{3A089C15-608A-46C4-9A8E-05DC04B57B7B}.Debug|Any CPU.Build.0 = Debug|Any CPU
		{3A089C15-608A-46C4-9A8E-05DC04B57B7B}.Release|Any CPU.ActiveCfg = Release|Any CPU
		{3A089C15-608A-46C4-9A8E-05DC04B57B7B}.Release|Any CPU.Build.0 = Release|Any CPU
		{184B1B47-9EDD-40F6-9D63-1385B1C4407B}.Debug|Any CPU.ActiveCfg = Debug|Any CPU
		{184B1B47-9EDD-40F6-9D63-1385B1C4407B}.Debug|Any CPU.Build.0 = Debug|Any CPU
		{184B1B47-9EDD-40F6-9D63-1385B1C4407B}.Release|Any CPU.ActiveCfg = Release|Any CPU
		{184B1B47-9EDD-40F6-9D63-1385B1C4407B}.Release|Any CPU.Build.0 = Release|Any CPU
		{9B186776-E42F-44D9-A63E-E4F6B820FFAB}.Debug|Any CPU.ActiveCfg = Debug|Any CPU
		{9B186776-E42F-44D9-A63E-E4F6B820FFAB}.Debug|Any CPU.Build.0 = Debug|Any CPU
		{9B186776-E42F-44D9-A63E-E4F6B820FFAB}.Release|Any CPU.ActiveCfg = Release|Any CPU
		{9B186776-E42F-44D9-A63E-E4F6B820FFAB}.Release|Any CPU.Build.0 = Release|Any CPU
		{1CF05F36-19C1-4121-9942-C36AD5C58088}.Debug|Any CPU.ActiveCfg = Debug|Any CPU
		{1CF05F36-19C1-4121-9942-C36AD5C58088}.Debug|Any CPU.Build.0 = Debug|Any CPU
		{1CF05F36-19C1-4121-9942-C36AD5C58088}.Release|Any CPU.ActiveCfg = Release|Any CPU
		{1CF05F36-19C1-4121-9942-C36AD5C58088}.Release|Any CPU.Build.0 = Release|Any CPU
	EndGlobalSection
	GlobalSection(SolutionProperties) = preSolution
		HideSolutionNode = FALSE
	EndGlobalSection
	GlobalSection(NestedProjects) = preSolution
		{6403B8DC-AADC-4266-BE7C-EBC493CD77B7} = {071F47CE-D115-4892-BBAF-8CA62799455A}
		{ADD7CBB6-5DDF-4315-AFFC-D57FE32481B8} = {C829934E-B0FB-443E-A67D-FC6D7D66B803}
		{2DD6D4C8-500A-4800-80BC-B34A1F8FA6F2} = {B1B080C3-4161-47CC-B83B-02F98B2DCDCC}
		{3A089C15-608A-46C4-9A8E-05DC04B57B7B} = {C829934E-B0FB-443E-A67D-FC6D7D66B803}
		{C829934E-B0FB-443E-A67D-FC6D7D66B803} = {071F47CE-D115-4892-BBAF-8CA62799455A}
		{B1B080C3-4161-47CC-B83B-02F98B2DCDCC} = {071F47CE-D115-4892-BBAF-8CA62799455A}
		{184B1B47-9EDD-40F6-9D63-1385B1C4407B} = {ABC452BC-BF9F-4439-AB3C-C03932D5FE6C}
		{9B186776-E42F-44D9-A63E-E4F6B820FFAB} = {ABC452BC-BF9F-4439-AB3C-C03932D5FE6C}
		{1CF05F36-19C1-4121-9942-C36AD5C58088} = {ABC452BC-BF9F-4439-AB3C-C03932D5FE6C}
	EndGlobalSection
	GlobalSection(ExtensibilityGlobals) = postSolution
		SolutionGuid = {F6CFAFC7-45E7-470A-B9B8-D86720A73205}
	EndGlobalSection
EndGlobal
